// !$*UTF8*$!
{
	archiveVersion = 1;
	classes = {
	};
	objectVersion = 56;
	objects = {

/* Begin PBXBuildFile section */
		D41B7D142B9A61C8005BEE39 /* SearchViewController.swift in Sources */ = {isa = PBXBuildFile; fileRef = D41B7D132B9A61C8005BEE39 /* SearchViewController.swift */; };
		D41B7D162B9A61F3005BEE39 /* FavoritesListViewController.swift in Sources */ = {isa = PBXBuildFile; fileRef = D41B7D152B9A61F3005BEE39 /* FavoritesListViewController.swift */; };
		D4B42AB22B9CF1E000278507 /* GFTitleLabel.swift in Sources */ = {isa = PBXBuildFile; fileRef = D4B42AB12B9CF1E000278507 /* GFTitleLabel.swift */; };
		D4B42AB42B9CF36000278507 /* GFBodyLabel.swift in Sources */ = {isa = PBXBuildFile; fileRef = D4B42AB32B9CF36000278507 /* GFBodyLabel.swift */; };
		D4B42AB62B9CF3F700278507 /* GFAlertViewController.swift in Sources */ = {isa = PBXBuildFile; fileRef = D4B42AB52B9CF3F700278507 /* GFAlertViewController.swift */; };
		D4B42AB92B9CFA7D00278507 /* UIViewController-Alert.swift in Sources */ = {isa = PBXBuildFile; fileRef = D4B42AB82B9CFA7D00278507 /* UIViewController-Alert.swift */; };
		D4CB39272B8FF1F300071554 /* AppDelegate.swift in Sources */ = {isa = PBXBuildFile; fileRef = D4CB39262B8FF1F300071554 /* AppDelegate.swift */; };
		D4CB39292B8FF1F300071554 /* SceneDelegate.swift in Sources */ = {isa = PBXBuildFile; fileRef = D4CB39282B8FF1F300071554 /* SceneDelegate.swift */; };
		D4CB39302B8FF1F400071554 /* Assets.xcassets in Resources */ = {isa = PBXBuildFile; fileRef = D4CB392F2B8FF1F400071554 /* Assets.xcassets */; };
		D4CB39332B8FF1F400071554 /* LaunchScreen.storyboard in Resources */ = {isa = PBXBuildFile; fileRef = D4CB39312B8FF1F400071554 /* LaunchScreen.storyboard */; };
		D4EFCCBC2B9B8FE9005F2E44 /* GFButton.swift in Sources */ = {isa = PBXBuildFile; fileRef = D4EFCCBB2B9B8FE9005F2E44 /* GFButton.swift */; };
		D4EFCCBE2B9B9216005F2E44 /* GFTextField.swift in Sources */ = {isa = PBXBuildFile; fileRef = D4EFCCBD2B9B9216005F2E44 /* GFTextField.swift */; };
		D4EFCCC22B9BD2F2005F2E44 /* FollowerListViewController.swift in Sources */ = {isa = PBXBuildFile; fileRef = D4EFCCC12B9BD2F2005F2E44 /* FollowerListViewController.swift */; };
		D4EFCCC52B9BE433005F2E44 /* .swiftlint.yml in Resources */ = {isa = PBXBuildFile; fileRef = D4EFCCC42B9BE433005F2E44 /* .swiftlint.yml */; };
		D4EFCCC72B9BE45F005F2E44 /* .swiftformat in Resources */ = {isa = PBXBuildFile; fileRef = D4EFCCC62B9BE45F005F2E44 /* .swiftformat */; };
		D4EFCCC92B9BE47C005F2E44 /* .swift-version in Resources */ = {isa = PBXBuildFile; fileRef = D4EFCCC82B9BE47C005F2E44 /* .swift-version */; };
/* End PBXBuildFile section */

/* Begin PBXFileReference section */
		D41B7D132B9A61C8005BEE39 /* SearchViewController.swift */ = {isa = PBXFileReference; lastKnownFileType = sourcecode.swift; path = SearchViewController.swift; sourceTree = "<group>"; };
		D41B7D152B9A61F3005BEE39 /* FavoritesListViewController.swift */ = {isa = PBXFileReference; lastKnownFileType = sourcecode.swift; path = FavoritesListViewController.swift; sourceTree = "<group>"; };
		D4B42AB12B9CF1E000278507 /* GFTitleLabel.swift */ = {isa = PBXFileReference; lastKnownFileType = sourcecode.swift; path = GFTitleLabel.swift; sourceTree = "<group>"; };
		D4B42AB32B9CF36000278507 /* GFBodyLabel.swift */ = {isa = PBXFileReference; lastKnownFileType = sourcecode.swift; path = GFBodyLabel.swift; sourceTree = "<group>"; };
		D4B42AB52B9CF3F700278507 /* GFAlertViewController.swift */ = {isa = PBXFileReference; lastKnownFileType = sourcecode.swift; path = GFAlertViewController.swift; sourceTree = "<group>"; };
		D4B42AB82B9CFA7D00278507 /* UIViewController-Alert.swift */ = {isa = PBXFileReference; lastKnownFileType = sourcecode.swift; path = "UIViewController-Alert.swift"; sourceTree = "<group>"; };
		D4CB39232B8FF1F300071554 /* GHFollowers.app */ = {isa = PBXFileReference; explicitFileType = wrapper.application; includeInIndex = 0; path = GHFollowers.app; sourceTree = BUILT_PRODUCTS_DIR; };
		D4CB39262B8FF1F300071554 /* AppDelegate.swift */ = {isa = PBXFileReference; lastKnownFileType = sourcecode.swift; path = AppDelegate.swift; sourceTree = "<group>"; };
		D4CB39282B8FF1F300071554 /* SceneDelegate.swift */ = {isa = PBXFileReference; lastKnownFileType = sourcecode.swift; path = SceneDelegate.swift; sourceTree = "<group>"; };
		D4CB392F2B8FF1F400071554 /* Assets.xcassets */ = {isa = PBXFileReference; lastKnownFileType = folder.assetcatalog; path = Assets.xcassets; sourceTree = "<group>"; };
		D4CB39322B8FF1F400071554 /* Base */ = {isa = PBXFileReference; lastKnownFileType = file.storyboard; name = Base; path = Base.lproj/LaunchScreen.storyboard; sourceTree = "<group>"; };
		D4CB39342B8FF1F400071554 /* Info.plist */ = {isa = PBXFileReference; lastKnownFileType = text.plist.xml; path = Info.plist; sourceTree = "<group>"; };
		D4EFCCBB2B9B8FE9005F2E44 /* GFButton.swift */ = {isa = PBXFileReference; lastKnownFileType = sourcecode.swift; path = GFButton.swift; sourceTree = "<group>"; };
		D4EFCCBD2B9B9216005F2E44 /* GFTextField.swift */ = {isa = PBXFileReference; lastKnownFileType = sourcecode.swift; path = GFTextField.swift; sourceTree = "<group>"; };
		D4EFCCC12B9BD2F2005F2E44 /* FollowerListViewController.swift */ = {isa = PBXFileReference; lastKnownFileType = sourcecode.swift; path = FollowerListViewController.swift; sourceTree = "<group>"; };
		D4EFCCC42B9BE433005F2E44 /* .swiftlint.yml */ = {isa = PBXFileReference; lastKnownFileType = text.yaml; path = .swiftlint.yml; sourceTree = "<group>"; };
		D4EFCCC62B9BE45F005F2E44 /* .swiftformat */ = {isa = PBXFileReference; lastKnownFileType = text; path = .swiftformat; sourceTree = "<group>"; };
		D4EFCCC82B9BE47C005F2E44 /* .swift-version */ = {isa = PBXFileReference; lastKnownFileType = text; path = ".swift-version"; sourceTree = "<group>"; };
/* End PBXFileReference section */

/* Begin PBXFrameworksBuildPhase section */
		D4CB39202B8FF1F300071554 /* Frameworks */ = {
			isa = PBXFrameworksBuildPhase;
			buildActionMask = 2147483647;
			files = (
			);
			runOnlyForDeploymentPostprocessing = 0;
		};
/* End PBXFrameworksBuildPhase section */

/* Begin PBXGroup section */
		D4B42AB72B9CFA4300278507 /* Extensions */ = {
			isa = PBXGroup;
			children = (
				D4B42AB82B9CFA7D00278507 /* UIViewController-Alert.swift */,
			);
			path = Extensions;
			sourceTree = "<group>";
		};
		D4CB391A2B8FF1F300071554 = {
			isa = PBXGroup;
			children = (
				D4CB39252B8FF1F300071554 /* GHFollowers */,
				D4CB39242B8FF1F300071554 /* Products */,
			);
			sourceTree = "<group>";
		};
		D4CB39242B8FF1F300071554 /* Products */ = {
			isa = PBXGroup;
			children = (
				D4CB39232B8FF1F300071554 /* GHFollowers.app */,
			);
			name = Products;
			sourceTree = "<group>";
		};
		D4CB39252B8FF1F300071554 /* GHFollowers */ = {
			isa = PBXGroup;
			children = (
				D4CB39262B8FF1F300071554 /* AppDelegate.swift */,
				D4CB39282B8FF1F300071554 /* SceneDelegate.swift */,
				D4EFCCB92B9A8FA3005F2E44 /* ViewControllers */,
				D4EFCCBA2B9B8F97005F2E44 /* Views */,
				D4B42AB72B9CFA4300278507 /* Extensions */,
				D4CB392F2B8FF1F400071554 /* Assets.xcassets */,
				D4CB39312B8FF1F400071554 /* LaunchScreen.storyboard */,
				D4CB39342B8FF1F400071554 /* Info.plist */,
				D4EFCCC42B9BE433005F2E44 /* .swiftlint.yml */,
				D4EFCCC62B9BE45F005F2E44 /* .swiftformat */,
				D4EFCCC82B9BE47C005F2E44 /* .swift-version */,
			);
			path = GHFollowers;
			sourceTree = "<group>";
		};
		D4EFCCB92B9A8FA3005F2E44 /* ViewControllers */ = {
			isa = PBXGroup;
			children = (
				D41B7D132B9A61C8005BEE39 /* SearchViewController.swift */,
				D41B7D152B9A61F3005BEE39 /* FavoritesListViewController.swift */,
				D4EFCCC12B9BD2F2005F2E44 /* FollowerListViewController.swift */,
				D4B42AB52B9CF3F700278507 /* GFAlertViewController.swift */,
			);
			path = ViewControllers;
			sourceTree = "<group>";
		};
		D4EFCCBA2B9B8F97005F2E44 /* Views */ = {
			isa = PBXGroup;
			children = (
				D4EFCCBB2B9B8FE9005F2E44 /* GFButton.swift */,
				D4EFCCBD2B9B9216005F2E44 /* GFTextField.swift */,
				D4B42AB12B9CF1E000278507 /* GFTitleLabel.swift */,
				D4B42AB32B9CF36000278507 /* GFBodyLabel.swift */,
			);
			path = Views;
			sourceTree = "<group>";
		};
/* End PBXGroup section */

/* Begin PBXNativeTarget section */
		D4CB39222B8FF1F300071554 /* GHFollowers */ = {
			isa = PBXNativeTarget;
			buildConfigurationList = D4CB39372B8FF1F400071554 /* Build configuration list for PBXNativeTarget "GHFollowers" */;
			buildPhases = (
				D4CB391F2B8FF1F300071554 /* Sources */,
				D4CB39202B8FF1F300071554 /* Frameworks */,
				D4CB39212B8FF1F300071554 /* Resources */,
				D4EFCCC32B9BE3D0005F2E44 /* ShellScript */,
			);
			buildRules = (
			);
			dependencies = (
			);
			name = GHFollowers;
			productName = GHFollowers;
			productReference = D4CB39232B8FF1F300071554 /* GHFollowers.app */;
			productType = "com.apple.product-type.application";
		};
/* End PBXNativeTarget section */

/* Begin PBXProject section */
		D4CB391B2B8FF1F300071554 /* Project object */ = {
			isa = PBXProject;
			attributes = {
				BuildIndependentTargetsInParallel = 1;
				LastSwiftUpdateCheck = 1500;
				LastUpgradeCheck = 1500;
				TargetAttributes = {
					D4CB39222B8FF1F300071554 = {
						CreatedOnToolsVersion = 15.0.1;
					};
				};
			};
			buildConfigurationList = D4CB391E2B8FF1F300071554 /* Build configuration list for PBXProject "GHFollowers" */;
			compatibilityVersion = "Xcode 14.0";
			developmentRegion = en;
			hasScannedForEncodings = 0;
			knownRegions = (
				en,
				Base,
			);
			mainGroup = D4CB391A2B8FF1F300071554;
			productRefGroup = D4CB39242B8FF1F300071554 /* Products */;
			projectDirPath = "";
			projectRoot = "";
			targets = (
				D4CB39222B8FF1F300071554 /* GHFollowers */,
			);
		};
/* End PBXProject section */

/* Begin PBXResourcesBuildPhase section */
		D4CB39212B8FF1F300071554 /* Resources */ = {
			isa = PBXResourcesBuildPhase;
			buildActionMask = 2147483647;
			files = (
				D4EFCCC72B9BE45F005F2E44 /* .swiftformat in Resources */,
				D4EFCCC52B9BE433005F2E44 /* .swiftlint.yml in Resources */,
				D4CB39332B8FF1F400071554 /* LaunchScreen.storyboard in Resources */,
				D4CB39302B8FF1F400071554 /* Assets.xcassets in Resources */,
				D4EFCCC92B9BE47C005F2E44 /* .swift-version in Resources */,
			);
			runOnlyForDeploymentPostprocessing = 0;
		};
/* End PBXResourcesBuildPhase section */

/* Begin PBXShellScriptBuildPhase section */
		D4EFCCC32B9BE3D0005F2E44 /* ShellScript */ = {
			isa = PBXShellScriptBuildPhase;
			alwaysOutOfDate = 1;
			buildActionMask = 2147483647;
			files = (
			);
			inputFileListPaths = (
			);
			inputPaths = (
			);
			outputFileListPaths = (
			);
			outputPaths = (
			);
			runOnlyForDeploymentPostprocessing = 0;
			shellPath = /bin/sh;
			shellScript = "# Type a script or drag a script file from your workspace to insert its path.\nif [[ \"$(uname -m)\" == arm64 ]]; then\n    export PATH=\"/opt/homebrew/bin:$PATH\"\nfi\n\nif which swiftlint > /dev/null; then\n  if \"$CI\" == true; then\n  \n    if which swiftformat > /dev/null; then\n        swiftformat .\n    else\n      echo \"warning: SwiftFormat not installed, download from https://github.com/nicklockwood/SwiftFormat\"\n    fi\n    \n    swiftlint --no-cache --strict\n    \n  elif [ \"$ACTION\" = 'build' ]; then\n    swiftlint\n  fi\n  \nelse\n  echo \"warning: SwiftLint not installed, download from https://github.com/realm/SwiftLint\"\nfi\n";
		};
/* End PBXShellScriptBuildPhase section */

/* Begin PBXSourcesBuildPhase section */
		D4CB391F2B8FF1F300071554 /* Sources */ = {
			isa = PBXSourcesBuildPhase;
			buildActionMask = 2147483647;
			files = (
				D4B42AB62B9CF3F700278507 /* GFAlertViewController.swift in Sources */,
				D4EFCCBE2B9B9216005F2E44 /* GFTextField.swift in Sources */,
				D41B7D162B9A61F3005BEE39 /* FavoritesListViewController.swift in Sources */,
				D4EFCCBC2B9B8FE9005F2E44 /* GFButton.swift in Sources */,
				D4EFCCC22B9BD2F2005F2E44 /* FollowerListViewController.swift in Sources */,
				D4B42AB42B9CF36000278507 /* GFBodyLabel.swift in Sources */,
				D4B42AB22B9CF1E000278507 /* GFTitleLabel.swift in Sources */,
				D4CB39272B8FF1F300071554 /* AppDelegate.swift in Sources */,
				D4B42AB92B9CFA7D00278507 /* UIViewController-Alert.swift in Sources */,
				D41B7D142B9A61C8005BEE39 /* SearchViewController.swift in Sources */,
				D4CB39292B8FF1F300071554 /* SceneDelegate.swift in Sources */,
			);
			runOnlyForDeploymentPostprocessing = 0;
		};
/* End PBXSourcesBuildPhase section */

/* Begin PBXVariantGroup section */
		D4CB39312B8FF1F400071554 /* LaunchScreen.storyboard */ = {
			isa = PBXVariantGroup;
			children = (
				D4CB39322B8FF1F400071554 /* Base */,
			);
			name = LaunchScreen.storyboard;
			sourceTree = "<group>";
		};
/* End PBXVariantGroup section */

/* Begin XCBuildConfiguration section */
		D4CB39352B8FF1F400071554 /* Debug */ = {
			isa = XCBuildConfiguration;
			buildSettings = {
				ALWAYS_SEARCH_USER_PATHS = NO;
				ASSETCATALOG_COMPILER_GENERATE_SWIFT_ASSET_SYMBOL_EXTENSIONS = YES;
				CLANG_ANALYZER_NONNULL = YES;
				CLANG_ANALYZER_NUMBER_OBJECT_CONVERSION = YES_AGGRESSIVE;
				CLANG_CXX_LANGUAGE_STANDARD = "gnu++20";
				CLANG_ENABLE_MODULES = YES;
				CLANG_ENABLE_OBJC_ARC = YES;
				CLANG_ENABLE_OBJC_WEAK = YES;
				CLANG_WARN_BLOCK_CAPTURE_AUTORELEASING = YES;
				CLANG_WARN_BOOL_CONVERSION = YES;
				CLANG_WARN_COMMA = YES;
				CLANG_WARN_CONSTANT_CONVERSION = YES;
				CLANG_WARN_DEPRECATED_OBJC_IMPLEMENTATIONS = YES;
				CLANG_WARN_DIRECT_OBJC_ISA_USAGE = YES_ERROR;
				CLANG_WARN_DOCUMENTATION_COMMENTS = YES;
				CLANG_WARN_EMPTY_BODY = YES;
				CLANG_WARN_ENUM_CONVERSION = YES;
				CLANG_WARN_INFINITE_RECURSION = YES;
				CLANG_WARN_INT_CONVERSION = YES;
				CLANG_WARN_NON_LITERAL_NULL_CONVERSION = YES;
				CLANG_WARN_OBJC_IMPLICIT_RETAIN_SELF = YES;
				CLANG_WARN_OBJC_LITERAL_CONVERSION = YES;
				CLANG_WARN_OBJC_ROOT_CLASS = YES_ERROR;
				CLANG_WARN_QUOTED_INCLUDE_IN_FRAMEWORK_HEADER = YES;
				CLANG_WARN_RANGE_LOOP_ANALYSIS = YES;
				CLANG_WARN_STRICT_PROTOTYPES = YES;
				CLANG_WARN_SUSPICIOUS_MOVE = YES;
				CLANG_WARN_UNGUARDED_AVAILABILITY = YES_AGGRESSIVE;
				CLANG_WARN_UNREACHABLE_CODE = YES;
				CLANG_WARN__DUPLICATE_METHOD_MATCH = YES;
				COPY_PHASE_STRIP = NO;
				DEBUG_INFORMATION_FORMAT = dwarf;
				ENABLE_STRICT_OBJC_MSGSEND = YES;
				ENABLE_TESTABILITY = YES;
				ENABLE_USER_SCRIPT_SANDBOXING = NO;
				GCC_C_LANGUAGE_STANDARD = gnu17;
				GCC_DYNAMIC_NO_PIC = NO;
				GCC_NO_COMMON_BLOCKS = YES;
				GCC_OPTIMIZATION_LEVEL = 0;
				GCC_PREPROCESSOR_DEFINITIONS = (
					"DEBUG=1",
					"$(inherited)",
				);
				GCC_WARN_64_TO_32_BIT_CONVERSION = YES;
				GCC_WARN_ABOUT_RETURN_TYPE = YES_ERROR;
				GCC_WARN_UNDECLARED_SELECTOR = YES;
				GCC_WARN_UNINITIALIZED_AUTOS = YES_AGGRESSIVE;
				GCC_WARN_UNUSED_FUNCTION = YES;
				GCC_WARN_UNUSED_VARIABLE = YES;
				IPHONEOS_DEPLOYMENT_TARGET = 17.0;
				LOCALIZATION_PREFERS_STRING_CATALOGS = YES;
				MTL_ENABLE_DEBUG_INFO = INCLUDE_SOURCE;
				MTL_FAST_MATH = YES;
				ONLY_ACTIVE_ARCH = YES;
				SDKROOT = iphoneos;
				SWIFT_ACTIVE_COMPILATION_CONDITIONS = "DEBUG $(inherited)";
				SWIFT_OPTIMIZATION_LEVEL = "-Onone";
			};
			name = Debug;
		};
		D4CB39362B8FF1F400071554 /* Release */ = {
			isa = XCBuildConfiguration;
			buildSettings = {
				ALWAYS_SEARCH_USER_PATHS = NO;
				ASSETCATALOG_COMPILER_GENERATE_SWIFT_ASSET_SYMBOL_EXTENSIONS = YES;
				CLANG_ANALYZER_NONNULL = YES;
				CLANG_ANALYZER_NUMBER_OBJECT_CONVERSION = YES_AGGRESSIVE;
				CLANG_CXX_LANGUAGE_STANDARD = "gnu++20";
				CLANG_ENABLE_MODULES = YES;
				CLANG_ENABLE_OBJC_ARC = YES;
				CLANG_ENABLE_OBJC_WEAK = YES;
				CLANG_WARN_BLOCK_CAPTURE_AUTORELEASING = YES;
				CLANG_WARN_BOOL_CONVERSION = YES;
				CLANG_WARN_COMMA = YES;
				CLANG_WARN_CONSTANT_CONVERSION = YES;
				CLANG_WARN_DEPRECATED_OBJC_IMPLEMENTATIONS = YES;
				CLANG_WARN_DIRECT_OBJC_ISA_USAGE = YES_ERROR;
				CLANG_WARN_DOCUMENTATION_COMMENTS = YES;
				CLANG_WARN_EMPTY_BODY = YES;
				CLANG_WARN_ENUM_CONVERSION = YES;
				CLANG_WARN_INFINITE_RECURSION = YES;
				CLANG_WARN_INT_CONVERSION = YES;
				CLANG_WARN_NON_LITERAL_NULL_CONVERSION = YES;
				CLANG_WARN_OBJC_IMPLICIT_RETAIN_SELF = YES;
				CLANG_WARN_OBJC_LITERAL_CONVERSION = YES;
				CLANG_WARN_OBJC_ROOT_CLASS = YES_ERROR;
				CLANG_WARN_QUOTED_INCLUDE_IN_FRAMEWORK_HEADER = YES;
				CLANG_WARN_RANGE_LOOP_ANALYSIS = YES;
				CLANG_WARN_STRICT_PROTOTYPES = YES;
				CLANG_WARN_SUSPICIOUS_MOVE = YES;
				CLANG_WARN_UNGUARDED_AVAILABILITY = YES_AGGRESSIVE;
				CLANG_WARN_UNREACHABLE_CODE = YES;
				CLANG_WARN__DUPLICATE_METHOD_MATCH = YES;
				COPY_PHASE_STRIP = NO;
				DEBUG_INFORMATION_FORMAT = "dwarf-with-dsym";
				ENABLE_NS_ASSERTIONS = NO;
				ENABLE_STRICT_OBJC_MSGSEND = YES;
				ENABLE_USER_SCRIPT_SANDBOXING = NO;
				GCC_C_LANGUAGE_STANDARD = gnu17;
				GCC_NO_COMMON_BLOCKS = YES;
				GCC_WARN_64_TO_32_BIT_CONVERSION = YES;
				GCC_WARN_ABOUT_RETURN_TYPE = YES_ERROR;
				GCC_WARN_UNDECLARED_SELECTOR = YES;
				GCC_WARN_UNINITIALIZED_AUTOS = YES_AGGRESSIVE;
				GCC_WARN_UNUSED_FUNCTION = YES;
				GCC_WARN_UNUSED_VARIABLE = YES;
				IPHONEOS_DEPLOYMENT_TARGET = 17.0;
				LOCALIZATION_PREFERS_STRING_CATALOGS = YES;
				MTL_ENABLE_DEBUG_INFO = NO;
				MTL_FAST_MATH = YES;
				SDKROOT = iphoneos;
				SWIFT_COMPILATION_MODE = wholemodule;
				VALIDATE_PRODUCT = YES;
			};
			name = Release;
		};
		D4CB39382B8FF1F400071554 /* Debug */ = {
			isa = XCBuildConfiguration;
			buildSettings = {
				ASSETCATALOG_COMPILER_APPICON_NAME = AppIcon;
				ASSETCATALOG_COMPILER_GLOBAL_ACCENT_COLOR_NAME = AccentColor;
				CODE_SIGN_STYLE = Automatic;
				CURRENT_PROJECT_VERSION = 1;
				DEVELOPMENT_TEAM = JS2VW2G96S;
				GENERATE_INFOPLIST_FILE = YES;
				INFOPLIST_FILE = GHFollowers/Info.plist;
				INFOPLIST_KEY_UIApplicationSupportsIndirectInputEvents = YES;
				INFOPLIST_KEY_UILaunchStoryboardName = LaunchScreen;
				INFOPLIST_KEY_UISupportedInterfaceOrientations = UIInterfaceOrientationPortrait;
				INFOPLIST_KEY_UISupportedInterfaceOrientations_iPad = "UIInterfaceOrientationPortrait UIInterfaceOrientationPortraitUpsideDown";
				IPHONEOS_DEPLOYMENT_TARGET = 17.0;
				LD_RUNPATH_SEARCH_PATHS = (
					"$(inherited)",
					"@executable_path/Frameworks",
				);
				MARKETING_VERSION = 1.0;
				PRODUCT_BUNDLE_IDENTIFIER = com.mav.GHFollowers;
				PRODUCT_NAME = "$(TARGET_NAME)";
				SUPPORTED_PLATFORMS = "iphoneos iphonesimulator";
				SUPPORTS_MACCATALYST = NO;
				SUPPORTS_MAC_DESIGNED_FOR_IPHONE_IPAD = NO;
				SUPPORTS_XR_DESIGNED_FOR_IPHONE_IPAD = NO;
				SWIFT_EMIT_LOC_STRINGS = YES;
				SWIFT_VERSION = 5.0;
				TARGETED_DEVICE_FAMILY = 1;
			};
			name = Debug;
		};
		D4CB39392B8FF1F400071554 /* Release */ = {
			isa = XCBuildConfiguration;
			buildSettings = {
				ASSETCATALOG_COMPILER_APPICON_NAME = AppIcon;
				ASSETCATALOG_COMPILER_GLOBAL_ACCENT_COLOR_NAME = AccentColor;
				CODE_SIGN_STYLE = Automatic;
				CURRENT_PROJECT_VERSION = 1;
				DEVELOPMENT_TEAM = JS2VW2G96S;
				GENERATE_INFOPLIST_FILE = YES;
				INFOPLIST_FILE = GHFollowers/Info.plist;
				INFOPLIST_KEY_UIApplicationSupportsIndirectInputEvents = YES;
				INFOPLIST_KEY_UILaunchStoryboardName = LaunchScreen;
				INFOPLIST_KEY_UISupportedInterfaceOrientations = UIInterfaceOrientationPortrait;
				INFOPLIST_KEY_UISupportedInterfaceOrientations_iPad = "UIInterfaceOrientationPortrait UIInterfaceOrientationPortraitUpsideDown";
				IPHONEOS_DEPLOYMENT_TARGET = 17.0;
				LD_RUNPATH_SEARCH_PATHS = (
					"$(inherited)",
					"@executable_path/Frameworks",
				);
				MARKETING_VERSION = 1.0;
				PRODUCT_BUNDLE_IDENTIFIER = com.mav.GHFollowers;
				PRODUCT_NAME = "$(TARGET_NAME)";
				SUPPORTED_PLATFORMS = "iphoneos iphonesimulator";
				SUPPORTS_MACCATALYST = NO;
				SUPPORTS_MAC_DESIGNED_FOR_IPHONE_IPAD = NO;
				SUPPORTS_XR_DESIGNED_FOR_IPHONE_IPAD = NO;
				SWIFT_EMIT_LOC_STRINGS = YES;
				SWIFT_VERSION = 5.0;
				TARGETED_DEVICE_FAMILY = 1;
			};
			name = Release;
		};
/* End XCBuildConfiguration section */

/* Begin XCConfigurationList section */
		D4CB391E2B8FF1F300071554 /* Build configuration list for PBXProject "GHFollowers" */ = {
			isa = XCConfigurationList;
			buildConfigurations = (
				D4CB39352B8FF1F400071554 /* Debug */,
				D4CB39362B8FF1F400071554 /* Release */,
			);
			defaultConfigurationIsVisible = 0;
			defaultConfigurationName = Release;
		};
		D4CB39372B8FF1F400071554 /* Build configuration list for PBXNativeTarget "GHFollowers" */ = {
			isa = XCConfigurationList;
			buildConfigurations = (
				D4CB39382B8FF1F400071554 /* Debug */,
				D4CB39392B8FF1F400071554 /* Release */,
			);
			defaultConfigurationIsVisible = 0;
			defaultConfigurationName = Release;
		};
/* End XCConfigurationList section */
	};
	rootObject = D4CB391B2B8FF1F300071554 /* Project object */;
}
